
Microsoft Visual Studio Solution File, Format Version 12.00
# Visual Studio Version 16
VisualStudioVersion = 16.0.29509.3
MinimumVisualStudioVersion = 10.0.40219.1
Project("{FAE04EC0-301F-11D3-BF4B-00C04F79EFBC}") = "Hair_Dressing_Appointments_Core_Web_App", "Hair_Dressing_Appointments_Core_Web_App.csproj", "{7B0391C2-6C9B-445A-807F-7F86453FADF3}"
EndProject
Global
	GlobalSection(SolutionConfigurationPlatforms) = preSolution
		Debug|Any CPU = Debug|Any CPU
		Release|Any CPU = Release|Any CPU
	EndGlobalSection
	GlobalSection(ProjectConfigurationPlatforms) = postSolution
		{7B0391C2-6C9B-445A-807F-7F86453FADF3}.Debug|Any CPU.ActiveCfg = Debug|Any CPU
		{7B0391C2-6C9B-445A-807F-7F86453FADF3}.Debug|Any CPU.Build.0 = Debug|Any CPU
		{7B0391C2-6C9B-445A-807F-7F86453FADF3}.Release|Any CPU.ActiveCfg = Release|Any CPU
		{7B0391C2-6C9B-445A-807F-7F86453FADF3}.Release|Any CPU.Build.0 = Release|Any CPU
	EndGlobalSection
	GlobalSection(SolutionProperties) = preSolution
		HideSolutionNode = FALSE
	EndGlobalSection
	GlobalSection(ExtensibilityGlobals) = postSolution
		SolutionGuid = {CDF7ED98-F274-479C-9D7D-8A61AE6F0D85}
	EndGlobalSection
EndGlobal
